
Microsoft Visual Studio Solution File, Format Version 12.00
# Visual Studio Version 17
VisualStudioVersion = 17.2.32616.157
MinimumVisualStudioVersion = 10.0.40219.1
Project("{8BC9CEB8-8B4A-11D0-8D11-00A0C91BC942}") = "cool_A", "cool_A.vcxproj", "{274EA0A9-0D6B-4BFC-AE97-9C3114167061}"
EndProject
Global
	GlobalSection(SolutionConfigurationPlatforms) = preSolution
		Debug|x64 = Debug|x64
		Debug|x86 = Debug|x86
		Release|x64 = Release|x64
		Release|x86 = Release|x86
	EndGlobalSection
	GlobalSection(ProjectConfigurationPlatforms) = postSolution
		{274EA0A9-0D6B-4BFC-AE97-9C3114167061}.Debug|x64.ActiveCfg = Debug|x64
		{274EA0A9-0D6B-4BFC-AE97-9C3114167061}.Debug|x64.Build.0 = Debug|x64
		{274EA0A9-0D6B-4BFC-AE97-9C3114167061}.Debug|x86.ActiveCfg = Debug|Win32
		{274EA0A9-0D6B-4BFC-AE97-9C3114167061}.Debug|x86.Build.0 = Debug|Win32
		{274EA0A9-0D6B-4BFC-AE97-9C3114167061}.Release|x64.ActiveCfg = Release|x64
		{274EA0A9-0D6B-4BFC-AE97-9C3114167061}.Release|x64.Build.0 = Release|x64
		{274EA0A9-0D6B-4BFC-AE97-9C3114167061}.Release|x86.ActiveCfg = Release|Win32
		{274EA0A9-0D6B-4BFC-AE97-9C3114167061}.Release|x86.Build.0 = Release|Win32
	EndGlobalSection
	GlobalSection(SolutionProperties) = preSolution
		HideSolutionNode = FALSE
	EndGlobalSection
	GlobalSection(ExtensibilityGlobals) = postSolution
		SolutionGuid = {0F3B810F-CBA3-4E17-9568-60CEDDF9D234}
	EndGlobalSection
EndGlobal
